
Microsoft Visual Studio Solution File, Format Version 12.00
# Visual Studio Version 16
VisualStudioVersion = 16.0.29020.237
MinimumVisualStudioVersion = 10.0.40219.1
Project("{FAE04EC0-301F-11D3-BF4B-00C04F79EFBC}") = "DependencyInversion_1", "DependencyInversion_1\DependencyInversion_1.csproj", "{0BC0A1E9-F4D4-4CE5-9087-EB8D327C1FF0}"
EndProject
Project("{FAE04EC0-301F-11D3-BF4B-00C04F79EFBC}") = "HomeWork", "HomeWork\HomeWork.csproj", "{0E911573-F244-46C5-A331-4EFC31302EE6}"
EndProject
Project("{FAE04EC0-301F-11D3-BF4B-00C04F79EFBC}") = "Liskov_1", "Liskov_1\Liskov_1.csproj", "{4B5D1E1E-5CE6-43E8-8B0B-E0489BA703B0}"
EndProject
Project("{FAE04EC0-301F-11D3-BF4B-00C04F79EFBC}") = "OpenClosed_1.Data", "OpenClosed_1\OpenClosed_1.Data.csproj", "{401E002D-AFE2-4A18-BCF0-6353D07BB9A4}"
EndProject
Global
	GlobalSection(SolutionConfigurationPlatforms) = preSolution
		Debug|Any CPU = Debug|Any CPU
		Release|Any CPU = Release|Any CPU
	EndGlobalSection
	GlobalSection(ProjectConfigurationPlatforms) = postSolution
		{0BC0A1E9-F4D4-4CE5-9087-EB8D327C1FF0}.Debug|Any CPU.ActiveCfg = Debug|Any CPU
		{0BC0A1E9-F4D4-4CE5-9087-EB8D327C1FF0}.Debug|Any CPU.Build.0 = Debug|Any CPU
		{0BC0A1E9-F4D4-4CE5-9087-EB8D327C1FF0}.Release|Any CPU.ActiveCfg = Release|Any CPU
		{0BC0A1E9-F4D4-4CE5-9087-EB8D327C1FF0}.Release|Any CPU.Build.0 = Release|Any CPU
		{0E911573-F244-46C5-A331-4EFC31302EE6}.Debug|Any CPU.ActiveCfg = Debug|Any CPU
		{0E911573-F244-46C5-A331-4EFC31302EE6}.Debug|Any CPU.Build.0 = Debug|Any CPU
		{0E911573-F244-46C5-A331-4EFC31302EE6}.Release|Any CPU.ActiveCfg = Release|Any CPU
		{0E911573-F244-46C5-A331-4EFC31302EE6}.Release|Any CPU.Build.0 = Release|Any CPU
		{4B5D1E1E-5CE6-43E8-8B0B-E0489BA703B0}.Debug|Any CPU.ActiveCfg = Debug|Any CPU
		{4B5D1E1E-5CE6-43E8-8B0B-E0489BA703B0}.Debug|Any CPU.Build.0 = Debug|Any CPU
		{4B5D1E1E-5CE6-43E8-8B0B-E0489BA703B0}.Release|Any CPU.ActiveCfg = Release|Any CPU
		{4B5D1E1E-5CE6-43E8-8B0B-E0489BA703B0}.Release|Any CPU.Build.0 = Release|Any CPU
		{401E002D-AFE2-4A18-BCF0-6353D07BB9A4}.Debug|Any CPU.ActiveCfg = Debug|Any CPU
		{401E002D-AFE2-4A18-BCF0-6353D07BB9A4}.Debug|Any CPU.Build.0 = Debug|Any CPU
		{401E002D-AFE2-4A18-BCF0-6353D07BB9A4}.Release|Any CPU.ActiveCfg = Release|Any CPU
		{401E002D-AFE2-4A18-BCF0-6353D07BB9A4}.Release|Any CPU.Build.0 = Release|Any CPU
	EndGlobalSection
	GlobalSection(SolutionProperties) = preSolution
		HideSolutionNode = FALSE
	EndGlobalSection
	GlobalSection(ExtensibilityGlobals) = postSolution
		SolutionGuid = {F097A5C6-29C4-4FF9-8217-C7861029924A}
	EndGlobalSection
EndGlobal
